<?xml version="1.0" encoding="utf-8"?>
<Project ToolsVersion="4.0" xmlns="http://schemas.microsoft.com/developer/msbuild/2003">
  <ItemGroup>
    <Filter Include="소스 파일">
      <UniqueIdentifier>{4FC737F1-C7A5-4376-A066-2A32D752A2FF}</UniqueIdentifier>
      <Extensions>cpp;c;cc;cxx;c++;cppm;ixx;def;odl;idl;hpj;bat;asm;asmx</Extensions>
    </Filter>
    <Filter Include="헤더 파일">
      <UniqueIdentifier>{93995380-89BD-4b04-88EB-625FBE52EBFB}</UniqueIdentifier>
      <Extensions>h;hh;hpp;hxx;h++;hm;inl;inc;ipp;xsd</Extensions>
    </Filter>
    <Filter Include="리소스 파일">
      <UniqueIdentifier>{67DA6AB6-F800-4c08-8B7A-83BB121AAD01}</UniqueIdentifier>
      <Extensions>rc;ico;cur;bmp;dlg;rc2;rct;bin;rgs;gif;jpg;jpeg;jpe;resx;tiff;tif;png;wav;mfcribbon-ms</Extensions>
    </Filter>
    <Filter Include="소스 파일\Regacy">
      <UniqueIdentifier>{15e1ae14-4ba7-475e-bc2c-004cd3b04d14}</UniqueIdentifier>
    </Filter>
    <Filter Include="소스 파일\Scene">
      <UniqueIdentifier>{d6a57bb9-bcff-43f8-8b52-e593d5f05fde}</UniqueIdentifier>
    </Filter>
    <Filter Include="소스 파일\Shape">
      <UniqueIdentifier>{93674187-119f-437f-853e-44a56f845bd6}</UniqueIdentifier>
    </Filter>
    <Filter Include="헤더 파일\Regacy">
      <UniqueIdentifier>{577cf529-9244-4aa3-9392-0ab706ed84b0}</UniqueIdentifier>
    </Filter>
    <Filter Include="헤더 파일\System">
      <UniqueIdentifier>{4959eed8-4167-474f-a863-2ffb35c616f6}</UniqueIdentifier>
    </Filter>
    <Filter Include="헤더 파일\Scene">
      <UniqueIdentifier>{5e12c602-f021-478f-9b81-070bb4ad80b3}</UniqueIdentifier>
    </Filter>
    <Filter Include="헤더 파일\Shape">
      <UniqueIdentifier>{adfdc4c1-473a-42f1-b6ef-f29e4e658307}</UniqueIdentifier>
    </Filter>
    <Filter Include="소스 파일\System">
      <UniqueIdentifier>{d0f283c5-30ce-40ca-b69b-455865a636e5}</UniqueIdentifier>
    </Filter>
  </ItemGroup>
  <ItemGroup>
    <ClCompile Include="Collider.cpp">
      <Filter>소스 파일\Regacy</Filter>
    </ClCompile>
    <ClCompile Include="Rect.cpp">
      <Filter>소스 파일\Regacy</Filter>
    </ClCompile>
    <ClCompile Include="FileReader.cpp">
      <Filter>소스 파일\System</Filter>
    </ClCompile>
    <ClCompile Include="RandomGenerater.cpp">
      <Filter>소스 파일\System</Filter>
    </ClCompile>
    <ClCompile Include="GLW.cpp">
      <Filter>소스 파일\System</Filter>
    </ClCompile>
    <ClCompile Include="NewGL.cpp">
      <Filter>소스 파일\System</Filter>
    </ClCompile>
    <ClCompile Include="Shader.cpp">
      <Filter>소스 파일\System</Filter>
    </ClCompile>
    <ClCompile Include="StandardShape.cpp">
      <Filter>소스 파일\Shape</Filter>
    </ClCompile>
    <ClCompile Include="Object.cpp">
      <Filter>소스 파일\Shape</Filter>
    </ClCompile>
    <ClCompile Include="Scene6.cpp">
      <Filter>소스 파일\Scene</Filter>
    </ClCompile>
    <ClCompile Include="Constant.cpp">
      <Filter>소스 파일\System</Filter>
    </ClCompile>
    <ClCompile Include="Scene7.cpp">
      <Filter>소스 파일\Scene</Filter>
    </ClCompile>
    <ClCompile Include="Scene8.cpp">
      <Filter>소스 파일\Scene</Filter>
    </ClCompile>
    <ClCompile Include="Scene1.cpp">
      <Filter>소스 파일\Regacy</Filter>
    </ClCompile>
    <ClCompile Include="Scene2.cpp">
      <Filter>소스 파일\Regacy</Filter>
    </ClCompile>
    <ClCompile Include="Scene3.cpp">
      <Filter>소스 파일\Regacy</Filter>
    </ClCompile>
    <ClCompile Include="Scene4.cpp">
      <Filter>소스 파일\Regacy</Filter>
    </ClCompile>
    <ClCompile Include="Scene5.cpp">
      <Filter>소스 파일\Regacy</Filter>
    </ClCompile>
    <ClCompile Include="Scene9.cpp">
      <Filter>소스 파일\Scene</Filter>
    </ClCompile>
    <ClCompile Include="Object3D.cpp">
      <Filter>소스 파일\Shape</Filter>
    </ClCompile>
    <ClCompile Include="Scene3D.cpp">
      <Filter>소스 파일</Filter>
    </ClCompile>
  </ItemGroup>
  <ItemGroup>
    <ClInclude Include="Collider.h">
      <Filter>헤더 파일\Regacy</Filter>
    </ClInclude>
    <ClInclude Include="Rect.h">
      <Filter>헤더 파일\Regacy</Filter>
    </ClInclude>
    <ClInclude Include="Definition.h">
      <Filter>헤더 파일\System</Filter>
    </ClInclude>
    <ClInclude Include="FileReader.h">
      <Filter>헤더 파일\System</Filter>
    </ClInclude>
    <ClInclude Include="Geometry.h">
      <Filter>헤더 파일\System</Filter>
    </ClInclude>
    <ClInclude Include="GLH.h">
      <Filter>헤더 파일\System</Filter>
    </ClInclude>
    <ClInclude Include="GLW.h">
      <Filter>헤더 파일\System</Filter>
    </ClInclude>
    <ClInclude Include="RandomGenerater.h">
      <Filter>헤더 파일\System</Filter>
    </ClInclude>
    <ClInclude Include="Object.h">
      <Filter>헤더 파일\Shape</Filter>
    </ClInclude>
    <ClInclude Include="StandardShape.h">
      <Filter>헤더 파일\Shape</Filter>
    </ClInclude>
    <ClInclude Include="Shader.h">
      <Filter>헤더 파일\System</Filter>
    </ClInclude>
    <ClInclude Include="Scene6.h">
      <Filter>헤더 파일\Scene</Filter>
    </ClInclude>
    <ClInclude Include="Scene7.h">
      <Filter>헤더 파일\Scene</Filter>
    </ClInclude>
    <ClInclude Include="Scene8.h">
      <Filter>헤더 파일\Scene</Filter>
    </ClInclude>
    <ClInclude Include="Scene1.h">
      <Filter>헤더 파일\Regacy</Filter>
    </ClInclude>
    <ClInclude Include="Scene3.h">
      <Filter>헤더 파일\Regacy</Filter>
    </ClInclude>
    <ClInclude Include="Scene2.h">
      <Filter>헤더 파일\Regacy</Filter>
    </ClInclude>
    <ClInclude Include="Scene4.h">
      <Filter>헤더 파일\Regacy</Filter>
    </ClInclude>
    <ClInclude Include="Scene5.h">
      <Filter>헤더 파일\Regacy</Filter>
    </ClInclude>
    <ClInclude Include="Scene9.h">
      <Filter>헤더 파일\Scene</Filter>
    </ClInclude>
    <ClInclude Include="Object3D.h">
      <Filter>헤더 파일\Shape</Filter>
    </ClInclude>
    <ClInclude Include="Scene3D.h">
      <Filter>헤더 파일</Filter>
    </ClInclude>
  </ItemGroup>
  <ItemGroup>
    <None Include="Fragment.glsl" />
    <None Include="Vertex.glsl" />
    <None Include="3D_Vertex_Shader.glsl" />
    <None Include="3D_Fragment_Shader.glsl" />
  </ItemGroup>
  <ItemGroup>
    <Object Include="Cube.obj">
      <Filter>리소스 파일</Filter>
    </Object>
    <Object Include="penguin.obj">
      <Filter>리소스 파일</Filter>
    </Object>
    <Object Include="teapot.obj">
      <Filter>리소스 파일</Filter>
    </Object>
    <Object Include="skull.obj">
      <Filter>리소스 파일</Filter>
    </Object>
  </ItemGroup>
  <ItemGroup>
    <Resource Include="abcd.obj">
      <Filter>리소스 파일</Filter>
    </Resource>
  </ItemGroup>
</Project>